// !$*UTF8*$!
{
	archiveVersion = 1;
	classes = {
	};
	objectVersion = 56;
	objects = {

/* Begin PBXBuildFile section */
		75036FE92BF66DFE007D6A68 /* GeocodingRemoteRepository.swift in Sources */ = {isa = PBXBuildFile; fileRef = 75036FE82BF66DFE007D6A68 /* GeocodingRemoteRepository.swift */; };
		75036FEB2BF67142007D6A68 /* Extensions.swift in Sources */ = {isa = PBXBuildFile; fileRef = 75036FEA2BF67142007D6A68 /* Extensions.swift */; };
		755685622BF10E6D00F5218F /* RealmSwift in Frameworks */ = {isa = PBXBuildFile; productRef = 755685612BF10E6D00F5218F /* RealmSwift */; };
		755CE2072BF10AA9007B47BC /* AirPollutionRemoteRepository.swift in Sources */ = {isa = PBXBuildFile; fileRef = 755CE2062BF10AA9007B47BC /* AirPollutionRemoteRepository.swift */; };
		755CE20A2BF10B2C007B47BC /* ComposableArchitecture in Frameworks */ = {isa = PBXBuildFile; productRef = 755CE2092BF10B2C007B47BC /* ComposableArchitecture */; };
		755CE2132BF10BA5007B47BC /* LogsCategories.swift in Sources */ = {isa = PBXBuildFile; fileRef = 755CE2122BF10BA5007B47BC /* LogsCategories.swift */; };
		755CE2152BF10BF2007B47BC /* LogsDependency.swift in Sources */ = {isa = PBXBuildFile; fileRef = 755CE2142BF10BF2007B47BC /* LogsDependency.swift */; };
		755CE2182BF10C97007B47BC /* Dependencies in Frameworks */ = {isa = PBXBuildFile; productRef = 755CE2172BF10C97007B47BC /* Dependencies */; };
		755CE21A2BF10C97007B47BC /* DependenciesMacros in Frameworks */ = {isa = PBXBuildFile; productRef = 755CE2192BF10C97007B47BC /* DependenciesMacros */; };
		757C8E372C382AE1005C5121 /* HubView.swift in Sources */ = {isa = PBXBuildFile; fileRef = 757C8E362C382AE1005C5121 /* HubView.swift */; };
		75847F102CAECEF200770BCE /* Alamofire in Frameworks */ = {isa = PBXBuildFile; productRef = 75847F0F2CAECEF200770BCE /* Alamofire */; };
		75847F152CAED45C00770BCE /* CommonLogging in Frameworks */ = {isa = PBXBuildFile; productRef = 75847F142CAED45C00770BCE /* CommonLogging */; };
		75847F1B2CAED6F800770BCE /* HomeView.swift in Sources */ = {isa = PBXBuildFile; fileRef = 75847F1A2CAED6F800770BCE /* HomeView.swift */; };
		75847F1D2CAED6FF00770BCE /* TestView.swift in Sources */ = {isa = PBXBuildFile; fileRef = 75847F1C2CAED6FF00770BCE /* TestView.swift */; };
		75847F1F2CAED77000770BCE /* HomeViewModel.swift in Sources */ = {isa = PBXBuildFile; fileRef = 75847F1E2CAED76C00770BCE /* HomeViewModel.swift */; };
		759F883E2BED256800DEC3FB /* Air_Quality_ChartsApp.swift in Sources */ = {isa = PBXBuildFile; fileRef = 759F883D2BED256800DEC3FB /* Air_Quality_ChartsApp.swift */; };
		759F88402BED256800DEC3FB /* ContentView.swift in Sources */ = {isa = PBXBuildFile; fileRef = 759F883F2BED256800DEC3FB /* ContentView.swift */; };
		759F88422BED256900DEC3FB /* Assets.xcassets in Resources */ = {isa = PBXBuildFile; fileRef = 759F88412BED256900DEC3FB /* Assets.xcassets */; };
		759F88452BED256900DEC3FB /* Preview Assets.xcassets in Resources */ = {isa = PBXBuildFile; fileRef = 759F88442BED256900DEC3FB /* Preview Assets.xcassets */; };
		759F884D2BED266E00DEC3FB /* AirPollutionDataModel.swift in Sources */ = {isa = PBXBuildFile; fileRef = 759F884C2BED266E00DEC3FB /* AirPollutionDataModel.swift */; };
		759F88502BED292E00DEC3FB /* AirPollutionModel.swift in Sources */ = {isa = PBXBuildFile; fileRef = 759F884F2BED292E00DEC3FB /* AirPollutionModel.swift */; };
		759F88522BED2E5B00DEC3FB /* GeocodingDataModel.swift in Sources */ = {isa = PBXBuildFile; fileRef = 759F88512BED2E5B00DEC3FB /* GeocodingDataModel.swift */; };
		759F88542BED30BB00DEC3FB /* GeocodingModel.swift in Sources */ = {isa = PBXBuildFile; fileRef = 759F88532BED30BB00DEC3FB /* GeocodingModel.swift */; };
		75C686072BF10EFC00092C6C /* RemoteRepositoriesDependencies.swift in Sources */ = {isa = PBXBuildFile; fileRef = 75C686062BF10EFC00092C6C /* RemoteRepositoriesDependencies.swift */; };
		75C6860A2BF1109100092C6C /* AQCEnvironment.swift in Sources */ = {isa = PBXBuildFile; fileRef = 75C686092BF1109100092C6C /* AQCEnvironment.swift */; };
		75C6860C2BF1119200092C6C /* EnvironmentDependency.swift in Sources */ = {isa = PBXBuildFile; fileRef = 75C6860B2BF1119200092C6C /* EnvironmentDependency.swift */; };
		75C6860E2BF1127000092C6C /* NetworkErrorDataModel.swift in Sources */ = {isa = PBXBuildFile; fileRef = 75C6860D2BF1127000092C6C /* NetworkErrorDataModel.swift */; };
/* End PBXBuildFile section */

/* Begin PBXFileReference section */
		75036FE82BF66DFE007D6A68 /* GeocodingRemoteRepository.swift */ = {isa = PBXFileReference; lastKnownFileType = sourcecode.swift; path = GeocodingRemoteRepository.swift; sourceTree = "<group>"; };
		75036FEA2BF67142007D6A68 /* Extensions.swift */ = {isa = PBXFileReference; lastKnownFileType = sourcecode.swift; path = Extensions.swift; sourceTree = "<group>"; };
		755CE2062BF10AA9007B47BC /* AirPollutionRemoteRepository.swift */ = {isa = PBXFileReference; lastKnownFileType = sourcecode.swift; path = AirPollutionRemoteRepository.swift; sourceTree = "<group>"; };
		755CE2122BF10BA5007B47BC /* LogsCategories.swift */ = {isa = PBXFileReference; lastKnownFileType = sourcecode.swift; path = LogsCategories.swift; sourceTree = "<group>"; };
		755CE2142BF10BF2007B47BC /* LogsDependency.swift */ = {isa = PBXFileReference; lastKnownFileType = sourcecode.swift; path = LogsDependency.swift; sourceTree = "<group>"; };
		757C8E362C382AE1005C5121 /* HubView.swift */ = {isa = PBXFileReference; lastKnownFileType = sourcecode.swift; path = HubView.swift; sourceTree = "<group>"; };
		75847F1A2CAED6F800770BCE /* HomeView.swift */ = {isa = PBXFileReference; lastKnownFileType = sourcecode.swift; path = HomeView.swift; sourceTree = "<group>"; };
		75847F1C2CAED6FF00770BCE /* TestView.swift */ = {isa = PBXFileReference; lastKnownFileType = sourcecode.swift; path = TestView.swift; sourceTree = "<group>"; };
		75847F1E2CAED76C00770BCE /* HomeViewModel.swift */ = {isa = PBXFileReference; lastKnownFileType = sourcecode.swift; path = HomeViewModel.swift; sourceTree = "<group>"; };
		759F883A2BED256800DEC3FB /* Air Quality Charts.app */ = {isa = PBXFileReference; explicitFileType = wrapper.application; includeInIndex = 0; path = "Air Quality Charts.app"; sourceTree = BUILT_PRODUCTS_DIR; };
		759F883D2BED256800DEC3FB /* Air_Quality_ChartsApp.swift */ = {isa = PBXFileReference; lastKnownFileType = sourcecode.swift; path = Air_Quality_ChartsApp.swift; sourceTree = "<group>"; };
		759F883F2BED256800DEC3FB /* ContentView.swift */ = {isa = PBXFileReference; lastKnownFileType = sourcecode.swift; path = ContentView.swift; sourceTree = "<group>"; };
		759F88412BED256900DEC3FB /* Assets.xcassets */ = {isa = PBXFileReference; lastKnownFileType = folder.assetcatalog; path = Assets.xcassets; sourceTree = "<group>"; };
		759F88442BED256900DEC3FB /* Preview Assets.xcassets */ = {isa = PBXFileReference; lastKnownFileType = folder.assetcatalog; path = "Preview Assets.xcassets"; sourceTree = "<group>"; };
		759F884C2BED266E00DEC3FB /* AirPollutionDataModel.swift */ = {isa = PBXFileReference; lastKnownFileType = sourcecode.swift; path = AirPollutionDataModel.swift; sourceTree = "<group>"; };
		759F884F2BED292E00DEC3FB /* AirPollutionModel.swift */ = {isa = PBXFileReference; lastKnownFileType = sourcecode.swift; path = AirPollutionModel.swift; sourceTree = "<group>"; };
		759F88512BED2E5B00DEC3FB /* GeocodingDataModel.swift */ = {isa = PBXFileReference; lastKnownFileType = sourcecode.swift; path = GeocodingDataModel.swift; sourceTree = "<group>"; };
		759F88532BED30BB00DEC3FB /* GeocodingModel.swift */ = {isa = PBXFileReference; lastKnownFileType = sourcecode.swift; path = GeocodingModel.swift; sourceTree = "<group>"; };
		75C686062BF10EFC00092C6C /* RemoteRepositoriesDependencies.swift */ = {isa = PBXFileReference; lastKnownFileType = sourcecode.swift; path = RemoteRepositoriesDependencies.swift; sourceTree = "<group>"; };
		75C686092BF1109100092C6C /* AQCEnvironment.swift */ = {isa = PBXFileReference; lastKnownFileType = sourcecode.swift; path = AQCEnvironment.swift; sourceTree = "<group>"; };
		75C6860B2BF1119200092C6C /* EnvironmentDependency.swift */ = {isa = PBXFileReference; lastKnownFileType = sourcecode.swift; path = EnvironmentDependency.swift; sourceTree = "<group>"; };
		75C6860D2BF1127000092C6C /* NetworkErrorDataModel.swift */ = {isa = PBXFileReference; lastKnownFileType = sourcecode.swift; path = NetworkErrorDataModel.swift; sourceTree = "<group>"; };
/* End PBXFileReference section */

/* Begin PBXFrameworksBuildPhase section */
		759F88372BED256800DEC3FB /* Frameworks */ = {
			isa = PBXFrameworksBuildPhase;
			buildActionMask = 2147483647;
			files = (
				755685622BF10E6D00F5218F /* RealmSwift in Frameworks */,
				75847F152CAED45C00770BCE /* CommonLogging in Frameworks */,
				75847F102CAECEF200770BCE /* Alamofire in Frameworks */,
				755CE2182BF10C97007B47BC /* Dependencies in Frameworks */,
				755CE21A2BF10C97007B47BC /* DependenciesMacros in Frameworks */,
				755CE20A2BF10B2C007B47BC /* ComposableArchitecture in Frameworks */,
			);
			runOnlyForDeploymentPostprocessing = 0;
		};
/* End PBXFrameworksBuildPhase section */

/* Begin PBXGroup section */
		755CE2042BF10A8D007B47BC /* Repositories */ = {
			isa = PBXGroup;
			children = (
				755CE2052BF10A98007B47BC /* Remote */,
			);
			path = Repositories;
			sourceTree = "<group>";
		};
		755CE2052BF10A98007B47BC /* Remote */ = {
			isa = PBXGroup;
			children = (
				755CE2062BF10AA9007B47BC /* AirPollutionRemoteRepository.swift */,
				75C686062BF10EFC00092C6C /* RemoteRepositoriesDependencies.swift */,
				75036FE82BF66DFE007D6A68 /* GeocodingRemoteRepository.swift */,
			);
			path = Remote;
			sourceTree = "<group>";
		};
		755CE2102BF10B90007B47BC /* Utils */ = {
			isa = PBXGroup;
			children = (
				755CE2112BF10B9B007B47BC /* Logs */,
				75036FEA2BF67142007D6A68 /* Extensions.swift */,
			);
			path = Utils;
			sourceTree = "<group>";
		};
		755CE2112BF10B9B007B47BC /* Logs */ = {
			isa = PBXGroup;
			children = (
				755CE2122BF10BA5007B47BC /* LogsCategories.swift */,
				755CE2142BF10BF2007B47BC /* LogsDependency.swift */,
			);
			path = Logs;
			sourceTree = "<group>";
		};
		757C8E352C382AD4005C5121 /* Screens */ = {
			isa = PBXGroup;
			children = (
				75847F1C2CAED6FF00770BCE /* TestView.swift */,
				757C8E382C382C90005C5121 /* Home */,
				759F883F2BED256800DEC3FB /* ContentView.swift */,
				757C8E362C382AE1005C5121 /* HubView.swift */,
			);
			path = Screens;
			sourceTree = "<group>";
		};
		757C8E382C382C90005C5121 /* Home */ = {
			isa = PBXGroup;
			children = (
				75847F1E2CAED76C00770BCE /* HomeViewModel.swift */,
				75847F1A2CAED6F800770BCE /* HomeView.swift */,
			);
			path = Home;
			sourceTree = "<group>";
		};
		759F88312BED256800DEC3FB = {
			isa = PBXGroup;
			children = (
				759F883C2BED256800DEC3FB /* Air Quality Charts */,
				759F883B2BED256800DEC3FB /* Products */,
			);
			sourceTree = "<group>";
		};
		759F883B2BED256800DEC3FB /* Products */ = {
			isa = PBXGroup;
			children = (
				759F883A2BED256800DEC3FB /* Air Quality Charts.app */,
			);
			name = Products;
			sourceTree = "<group>";
		};
		759F883C2BED256800DEC3FB /* Air Quality Charts */ = {
			isa = PBXGroup;
			children = (
				757C8E352C382AD4005C5121 /* Screens */,
				75C686082BF1108400092C6C /* Environment */,
				755CE2102BF10B90007B47BC /* Utils */,
				755CE2042BF10A8D007B47BC /* Repositories */,
				759F884E2BED291D00DEC3FB /* Models */,
				759F884B2BED264B00DEC3FB /* DataModels */,
				759F883D2BED256800DEC3FB /* Air_Quality_ChartsApp.swift */,
				759F88412BED256900DEC3FB /* Assets.xcassets */,
				759F88432BED256900DEC3FB /* Preview Content */,
			);
			path = "Air Quality Charts";
			sourceTree = "<group>";
		};
		759F88432BED256900DEC3FB /* Preview Content */ = {
			isa = PBXGroup;
			children = (
				759F88442BED256900DEC3FB /* Preview Assets.xcassets */,
			);
			path = "Preview Content";
			sourceTree = "<group>";
		};
		759F884B2BED264B00DEC3FB /* DataModels */ = {
			isa = PBXGroup;
			children = (
				759F884C2BED266E00DEC3FB /* AirPollutionDataModel.swift */,
				759F88512BED2E5B00DEC3FB /* GeocodingDataModel.swift */,
				75C6860D2BF1127000092C6C /* NetworkErrorDataModel.swift */,
			);
			path = DataModels;
			sourceTree = "<group>";
		};
		759F884E2BED291D00DEC3FB /* Models */ = {
			isa = PBXGroup;
			children = (
				759F884F2BED292E00DEC3FB /* AirPollutionModel.swift */,
				759F88532BED30BB00DEC3FB /* GeocodingModel.swift */,
			);
			path = Models;
			sourceTree = "<group>";
		};
		75C686082BF1108400092C6C /* Environment */ = {
			isa = PBXGroup;
			children = (
				75C686092BF1109100092C6C /* AQCEnvironment.swift */,
				75C6860B2BF1119200092C6C /* EnvironmentDependency.swift */,
			);
			path = Environment;
			sourceTree = "<group>";
		};
/* End PBXGroup section */

/* Begin PBXNativeTarget section */
		759F88392BED256800DEC3FB /* Air Quality Charts */ = {
			isa = PBXNativeTarget;
			buildConfigurationList = 759F88482BED256900DEC3FB /* Build configuration list for PBXNativeTarget "Air Quality Charts" */;
			buildPhases = (
				759F88362BED256800DEC3FB /* Sources */,
				759F88372BED256800DEC3FB /* Frameworks */,
				759F88382BED256800DEC3FB /* Resources */,
				75D70CD22BF107B600640621 /* ShellScript */,
			);
			buildRules = (
			);
			dependencies = (
			);
			name = "Air Quality Charts";
			packageProductDependencies = (
				755CE2092BF10B2C007B47BC /* ComposableArchitecture */,
				755CE2172BF10C97007B47BC /* Dependencies */,
				755CE2192BF10C97007B47BC /* DependenciesMacros */,
				755685612BF10E6D00F5218F /* RealmSwift */,
				75847F0F2CAECEF200770BCE /* Alamofire */,
				75847F142CAED45C00770BCE /* CommonLogging */,
			);
			productName = "Air Quality Charts";
			productReference = 759F883A2BED256800DEC3FB /* Air Quality Charts.app */;
			productType = "com.apple.product-type.application";
		};
/* End PBXNativeTarget section */

/* Begin PBXProject section */
		759F88322BED256800DEC3FB /* Project object */ = {
			isa = PBXProject;
			attributes = {
				BuildIndependentTargetsInParallel = 1;
				LastSwiftUpdateCheck = 1530;
				LastUpgradeCheck = 1530;
				TargetAttributes = {
					759F88392BED256800DEC3FB = {
						CreatedOnToolsVersion = 15.3;
					};
				};
			};
			buildConfigurationList = 759F88352BED256800DEC3FB /* Build configuration list for PBXProject "Air Quality Charts" */;
			compatibilityVersion = "Xcode 14.0";
			developmentRegion = en;
			hasScannedForEncodings = 0;
			knownRegions = (
				en,
				Base,
			);
			mainGroup = 759F88312BED256800DEC3FB;
			packageReferences = (
				755CE2082BF10B2C007B47BC /* XCRemoteSwiftPackageReference "swift-composable-architecture" */,
				755CE20B2BF10B49007B47BC /* XCRemoteSwiftPackageReference "realm-swift" */,
				755CE2162BF10C97007B47BC /* XCRemoteSwiftPackageReference "swift-dependencies" */,
				75847F0E2CAECEF200770BCE /* XCRemoteSwiftPackageReference "Alamofire" */,
				75847F132CAED45C00770BCE /* XCRemoteSwiftPackageReference "common-logging-swift" */,
			);
			productRefGroup = 759F883B2BED256800DEC3FB /* Products */;
			projectDirPath = "";
			projectRoot = "";
			targets = (
				759F88392BED256800DEC3FB /* Air Quality Charts */,
			);
		};
/* End PBXProject section */

/* Begin PBXResourcesBuildPhase section */
		759F88382BED256800DEC3FB /* Resources */ = {
			isa = PBXResourcesBuildPhase;
			buildActionMask = 2147483647;
			files = (
				759F88452BED256900DEC3FB /* Preview Assets.xcassets in Resources */,
				759F88422BED256900DEC3FB /* Assets.xcassets in Resources */,
			);
			runOnlyForDeploymentPostprocessing = 0;
		};
/* End PBXResourcesBuildPhase section */

/* Begin PBXShellScriptBuildPhase section */
		75D70CD22BF107B600640621 /* ShellScript */ = {
			isa = PBXShellScriptBuildPhase;
			alwaysOutOfDate = 1;
			buildActionMask = 2147483647;
			files = (
			);
			inputFileListPaths = (
			);
			inputPaths = (
			);
			outputFileListPaths = (
			);
			outputPaths = (
			);
			runOnlyForDeploymentPostprocessing = 0;
			shellPath = /bin/sh;
			shellScript = "if [[ \"$(uname -m)\" == arm64 ]]; then\n    export PATH=\"/opt/homebrew/bin:$PATH\"\nfi\n\nif which swiftlint > /dev/null; then\n  swiftlint\nelse\n  echo \"warning: SwiftLint not installed, download from https://github.com/realm/SwiftLint\"\nfi\n";
		};
/* End PBXShellScriptBuildPhase section */

/* Begin PBXSourcesBuildPhase section */
		759F88362BED256800DEC3FB /* Sources */ = {
			isa = PBXSourcesBuildPhase;
			buildActionMask = 2147483647;
			files = (
				75847F1F2CAED77000770BCE /* HomeViewModel.swift in Sources */,
				759F88402BED256800DEC3FB /* ContentView.swift in Sources */,
				759F88502BED292E00DEC3FB /* AirPollutionModel.swift in Sources */,
				757C8E372C382AE1005C5121 /* HubView.swift in Sources */,
				755CE2152BF10BF2007B47BC /* LogsDependency.swift in Sources */,
				75036FE92BF66DFE007D6A68 /* GeocodingRemoteRepository.swift in Sources */,
				755CE2132BF10BA5007B47BC /* LogsCategories.swift in Sources */,
				759F88522BED2E5B00DEC3FB /* GeocodingDataModel.swift in Sources */,
				755CE2072BF10AA9007B47BC /* AirPollutionRemoteRepository.swift in Sources */,
				75C6860C2BF1119200092C6C /* EnvironmentDependency.swift in Sources */,
				759F884D2BED266E00DEC3FB /* AirPollutionDataModel.swift in Sources */,
				75C6860A2BF1109100092C6C /* AQCEnvironment.swift in Sources */,
				75847F1D2CAED6FF00770BCE /* TestView.swift in Sources */,
				75036FEB2BF67142007D6A68 /* Extensions.swift in Sources */,
				75C6860E2BF1127000092C6C /* NetworkErrorDataModel.swift in Sources */,
				759F883E2BED256800DEC3FB /* Air_Quality_ChartsApp.swift in Sources */,
				75C686072BF10EFC00092C6C /* RemoteRepositoriesDependencies.swift in Sources */,
				759F88542BED30BB00DEC3FB /* GeocodingModel.swift in Sources */,
				75847F1B2CAED6F800770BCE /* HomeView.swift in Sources */,
			);
			runOnlyForDeploymentPostprocessing = 0;
		};
/* End PBXSourcesBuildPhase section */

/* Begin XCBuildConfiguration section */
		759F88462BED256900DEC3FB /* Debug */ = {
			isa = XCBuildConfiguration;
			buildSettings = {
				ALWAYS_SEARCH_USER_PATHS = NO;
				ASSETCATALOG_COMPILER_GENERATE_SWIFT_ASSET_SYMBOL_EXTENSIONS = YES;
				CLANG_ANALYZER_NONNULL = YES;
				CLANG_ANALYZER_NUMBER_OBJECT_CONVERSION = YES_AGGRESSIVE;
				CLANG_CXX_LANGUAGE_STANDARD = "gnu++20";
				CLANG_ENABLE_MODULES = YES;
				CLANG_ENABLE_OBJC_ARC = YES;
				CLANG_ENABLE_OBJC_WEAK = YES;
				CLANG_WARN_BLOCK_CAPTURE_AUTORELEASING = YES;
				CLANG_WARN_BOOL_CONVERSION = YES;
				CLANG_WARN_COMMA = YES;
				CLANG_WARN_CONSTANT_CONVERSION = YES;
				CLANG_WARN_DEPRECATED_OBJC_IMPLEMENTATIONS = YES;
				CLANG_WARN_DIRECT_OBJC_ISA_USAGE = YES_ERROR;
				CLANG_WARN_DOCUMENTATION_COMMENTS = YES;
				CLANG_WARN_EMPTY_BODY = YES;
				CLANG_WARN_ENUM_CONVERSION = YES;
				CLANG_WARN_INFINITE_RECURSION = YES;
				CLANG_WARN_INT_CONVERSION = YES;
				CLANG_WARN_NON_LITERAL_NULL_CONVERSION = YES;
				CLANG_WARN_OBJC_IMPLICIT_RETAIN_SELF = YES;
				CLANG_WARN_OBJC_LITERAL_CONVERSION = YES;
				CLANG_WARN_OBJC_ROOT_CLASS = YES_ERROR;
				CLANG_WARN_QUOTED_INCLUDE_IN_FRAMEWORK_HEADER = YES;
				CLANG_WARN_RANGE_LOOP_ANALYSIS = YES;
				CLANG_WARN_STRICT_PROTOTYPES = YES;
				CLANG_WARN_SUSPICIOUS_MOVE = YES;
				CLANG_WARN_UNGUARDED_AVAILABILITY = YES_AGGRESSIVE;
				CLANG_WARN_UNREACHABLE_CODE = YES;
				CLANG_WARN__DUPLICATE_METHOD_MATCH = YES;
				COPY_PHASE_STRIP = NO;
				DEBUG_INFORMATION_FORMAT = dwarf;
				ENABLE_STRICT_OBJC_MSGSEND = YES;
				ENABLE_TESTABILITY = YES;
				ENABLE_USER_SCRIPT_SANDBOXING = YES;
				GCC_C_LANGUAGE_STANDARD = gnu17;
				GCC_DYNAMIC_NO_PIC = NO;
				GCC_NO_COMMON_BLOCKS = YES;
				GCC_OPTIMIZATION_LEVEL = 0;
				GCC_PREPROCESSOR_DEFINITIONS = (
					"DEBUG=1",
					"$(inherited)",
				);
				GCC_WARN_64_TO_32_BIT_CONVERSION = YES;
				GCC_WARN_ABOUT_RETURN_TYPE = YES_ERROR;
				GCC_WARN_UNDECLARED_SELECTOR = YES;
				GCC_WARN_UNINITIALIZED_AUTOS = YES_AGGRESSIVE;
				GCC_WARN_UNUSED_FUNCTION = YES;
				GCC_WARN_UNUSED_VARIABLE = YES;
				IPHONEOS_DEPLOYMENT_TARGET = 17.4;
				LOCALIZATION_PREFERS_STRING_CATALOGS = YES;
				MTL_ENABLE_DEBUG_INFO = INCLUDE_SOURCE;
				MTL_FAST_MATH = YES;
				ONLY_ACTIVE_ARCH = YES;
				SDKROOT = iphoneos;
				SWIFT_ACTIVE_COMPILATION_CONDITIONS = "DEBUG $(inherited)";
				SWIFT_OPTIMIZATION_LEVEL = "-Onone";
				SWIFT_VERSION = 6.0;
			};
			name = Debug;
		};
		759F88472BED256900DEC3FB /* Release */ = {
			isa = XCBuildConfiguration;
			buildSettings = {
				ALWAYS_SEARCH_USER_PATHS = NO;
				ASSETCATALOG_COMPILER_GENERATE_SWIFT_ASSET_SYMBOL_EXTENSIONS = YES;
				CLANG_ANALYZER_NONNULL = YES;
				CLANG_ANALYZER_NUMBER_OBJECT_CONVERSION = YES_AGGRESSIVE;
				CLANG_CXX_LANGUAGE_STANDARD = "gnu++20";
				CLANG_ENABLE_MODULES = YES;
				CLANG_ENABLE_OBJC_ARC = YES;
				CLANG_ENABLE_OBJC_WEAK = YES;
				CLANG_WARN_BLOCK_CAPTURE_AUTORELEASING = YES;
				CLANG_WARN_BOOL_CONVERSION = YES;
				CLANG_WARN_COMMA = YES;
				CLANG_WARN_CONSTANT_CONVERSION = YES;
				CLANG_WARN_DEPRECATED_OBJC_IMPLEMENTATIONS = YES;
				CLANG_WARN_DIRECT_OBJC_ISA_USAGE = YES_ERROR;
				CLANG_WARN_DOCUMENTATION_COMMENTS = YES;
				CLANG_WARN_EMPTY_BODY = YES;
				CLANG_WARN_ENUM_CONVERSION = YES;
				CLANG_WARN_INFINITE_RECURSION = YES;
				CLANG_WARN_INT_CONVERSION = YES;
				CLANG_WARN_NON_LITERAL_NULL_CONVERSION = YES;
				CLANG_WARN_OBJC_IMPLICIT_RETAIN_SELF = YES;
				CLANG_WARN_OBJC_LITERAL_CONVERSION = YES;
				CLANG_WARN_OBJC_ROOT_CLASS = YES_ERROR;
				CLANG_WARN_QUOTED_INCLUDE_IN_FRAMEWORK_HEADER = YES;
				CLANG_WARN_RANGE_LOOP_ANALYSIS = YES;
				CLANG_WARN_STRICT_PROTOTYPES = YES;
				CLANG_WARN_SUSPICIOUS_MOVE = YES;
				CLANG_WARN_UNGUARDED_AVAILABILITY = YES_AGGRESSIVE;
				CLANG_WARN_UNREACHABLE_CODE = YES;
				CLANG_WARN__DUPLICATE_METHOD_MATCH = YES;
				COPY_PHASE_STRIP = NO;
				DEBUG_INFORMATION_FORMAT = "dwarf-with-dsym";
				ENABLE_NS_ASSERTIONS = NO;
				ENABLE_STRICT_OBJC_MSGSEND = YES;
				ENABLE_USER_SCRIPT_SANDBOXING = YES;
				GCC_C_LANGUAGE_STANDARD = gnu17;
				GCC_NO_COMMON_BLOCKS = YES;
				GCC_WARN_64_TO_32_BIT_CONVERSION = YES;
				GCC_WARN_ABOUT_RETURN_TYPE = YES_ERROR;
				GCC_WARN_UNDECLARED_SELECTOR = YES;
				GCC_WARN_UNINITIALIZED_AUTOS = YES_AGGRESSIVE;
				GCC_WARN_UNUSED_FUNCTION = YES;
				GCC_WARN_UNUSED_VARIABLE = YES;
				IPHONEOS_DEPLOYMENT_TARGET = 17.4;
				LOCALIZATION_PREFERS_STRING_CATALOGS = YES;
				MTL_ENABLE_DEBUG_INFO = NO;
				MTL_FAST_MATH = YES;
				SDKROOT = iphoneos;
				SWIFT_COMPILATION_MODE = wholemodule;
				SWIFT_VERSION = 6.0;
				VALIDATE_PRODUCT = YES;
			};
			name = Release;
		};
		759F88492BED256900DEC3FB /* Debug */ = {
			isa = XCBuildConfiguration;
			buildSettings = {
				ASSETCATALOG_COMPILER_APPICON_NAME = AppIcon;
				ASSETCATALOG_COMPILER_GLOBAL_ACCENT_COLOR_NAME = AccentColor;
				CODE_SIGN_STYLE = Automatic;
				CURRENT_PROJECT_VERSION = 1;
				DEVELOPMENT_ASSET_PATHS = "\"Air Quality Charts/Preview Content\"";
				ENABLE_PREVIEWS = YES;
				ENABLE_USER_SCRIPT_SANDBOXING = NO;
				GENERATE_INFOPLIST_FILE = YES;
				INFOPLIST_KEY_LSApplicationCategoryType = "public.app-category.weather";
				INFOPLIST_KEY_UIApplicationSceneManifest_Generation = YES;
				INFOPLIST_KEY_UIApplicationSupportsIndirectInputEvents = YES;
				INFOPLIST_KEY_UILaunchScreen_Generation = YES;
				INFOPLIST_KEY_UISupportedInterfaceOrientations_iPad = "UIInterfaceOrientationPortrait UIInterfaceOrientationPortraitUpsideDown UIInterfaceOrientationLandscapeLeft UIInterfaceOrientationLandscapeRight";
				INFOPLIST_KEY_UISupportedInterfaceOrientations_iPhone = "UIInterfaceOrientationPortrait UIInterfaceOrientationLandscapeLeft UIInterfaceOrientationLandscapeRight";
				IPHONEOS_DEPLOYMENT_TARGET = 17.6;
				LD_RUNPATH_SEARCH_PATHS = (
					"$(inherited)",
					"@executable_path/Frameworks",
				);
				MARKETING_VERSION = 1.0;
				PRODUCT_BUNDLE_IDENTIFIER = "ennioitaliano.Air-Quality-Charts";
				PRODUCT_NAME = "$(TARGET_NAME)";
				SWIFT_EMIT_LOC_STRINGS = YES;
				SWIFT_VERSION = 5.0;
				TARGETED_DEVICE_FAMILY = "1,2";
			};
			name = Debug;
		};
		759F884A2BED256900DEC3FB /* Release */ = {
			isa = XCBuildConfiguration;
			buildSettings = {
				ASSETCATALOG_COMPILER_APPICON_NAME = AppIcon;
				ASSETCATALOG_COMPILER_GLOBAL_ACCENT_COLOR_NAME = AccentColor;
				CODE_SIGN_STYLE = Automatic;
				CURRENT_PROJECT_VERSION = 1;
				DEVELOPMENT_ASSET_PATHS = "\"Air Quality Charts/Preview Content\"";
				ENABLE_PREVIEWS = YES;
				ENABLE_USER_SCRIPT_SANDBOXING = NO;
				GENERATE_INFOPLIST_FILE = YES;
				INFOPLIST_KEY_LSApplicationCategoryType = "public.app-category.weather";
				INFOPLIST_KEY_UIApplicationSceneManifest_Generation = YES;
				INFOPLIST_KEY_UIApplicationSupportsIndirectInputEvents = YES;
				INFOPLIST_KEY_UILaunchScreen_Generation = YES;
				INFOPLIST_KEY_UISupportedInterfaceOrientations_iPad = "UIInterfaceOrientationPortrait UIInterfaceOrientationPortraitUpsideDown UIInterfaceOrientationLandscapeLeft UIInterfaceOrientationLandscapeRight";
				INFOPLIST_KEY_UISupportedInterfaceOrientations_iPhone = "UIInterfaceOrientationPortrait UIInterfaceOrientationLandscapeLeft UIInterfaceOrientationLandscapeRight";
				IPHONEOS_DEPLOYMENT_TARGET = 17.6;
				LD_RUNPATH_SEARCH_PATHS = (
					"$(inherited)",
					"@executable_path/Frameworks",
				);
				MARKETING_VERSION = 1.0;
				PRODUCT_BUNDLE_IDENTIFIER = "ennioitaliano.Air-Quality-Charts";
				PRODUCT_NAME = "$(TARGET_NAME)";
				SWIFT_EMIT_LOC_STRINGS = YES;
				SWIFT_VERSION = 5.0;
				TARGETED_DEVICE_FAMILY = "1,2";
			};
			name = Release;
		};
/* End XCBuildConfiguration section */

/* Begin XCConfigurationList section */
		759F88352BED256800DEC3FB /* Build configuration list for PBXProject "Air Quality Charts" */ = {
			isa = XCConfigurationList;
			buildConfigurations = (
				759F88462BED256900DEC3FB /* Debug */,
				759F88472BED256900DEC3FB /* Release */,
			);
			defaultConfigurationIsVisible = 0;
			defaultConfigurationName = Release;
		};
		759F88482BED256900DEC3FB /* Build configuration list for PBXNativeTarget "Air Quality Charts" */ = {
			isa = XCConfigurationList;
			buildConfigurations = (
				759F88492BED256900DEC3FB /* Debug */,
				759F884A2BED256900DEC3FB /* Release */,
			);
			defaultConfigurationIsVisible = 0;
			defaultConfigurationName = Release;
		};
/* End XCConfigurationList section */

/* Begin XCRemoteSwiftPackageReference section */
		755CE2082BF10B2C007B47BC /* XCRemoteSwiftPackageReference "swift-composable-architecture" */ = {
			isa = XCRemoteSwiftPackageReference;
			repositoryURL = "https://github.com/pointfreeco/swift-composable-architecture";
			requirement = {
				kind = upToNextMajorVersion;
				minimumVersion = 1.10.4;
			};
		};
		755CE20B2BF10B49007B47BC /* XCRemoteSwiftPackageReference "realm-swift" */ = {
			isa = XCRemoteSwiftPackageReference;
			repositoryURL = "https://github.com/realm/realm-swift";
			requirement = {
				branch = master;
				kind = branch;
			};
		};
		755CE2162BF10C97007B47BC /* XCRemoteSwiftPackageReference "swift-dependencies" */ = {
			isa = XCRemoteSwiftPackageReference;
			repositoryURL = "https://github.com/pointfreeco/swift-dependencies";
			requirement = {
				kind = upToNextMajorVersion;
				minimumVersion = 1.3.0;
			};
		};
		75847F0E2CAECEF200770BCE /* XCRemoteSwiftPackageReference "Alamofire" */ = {
			isa = XCRemoteSwiftPackageReference;
			repositoryURL = "https://github.com/Alamofire/Alamofire";
			requirement = {
				kind = upToNextMajorVersion;
				minimumVersion = 5.9.1;
			};
		};
		75847F132CAED45C00770BCE /* XCRemoteSwiftPackageReference "common-logging-swift" */ = {
			isa = XCRemoteSwiftPackageReference;
			repositoryURL = "https://github.com/7Circle/common-logging-swift";
			requirement = {
				kind = upToNextMajorVersion;
				minimumVersion = 1.0.4;
			};
		};
/* End XCRemoteSwiftPackageReference section */

/* Begin XCSwiftPackageProductDependency section */
		755685612BF10E6D00F5218F /* RealmSwift */ = {
			isa = XCSwiftPackageProductDependency;
			package = 755CE20B2BF10B49007B47BC /* XCRemoteSwiftPackageReference "realm-swift" */;
			productName = RealmSwift;
		};
		755CE2092BF10B2C007B47BC /* ComposableArchitecture */ = {
			isa = XCSwiftPackageProductDependency;
			package = 755CE2082BF10B2C007B47BC /* XCRemoteSwiftPackageReference "swift-composable-architecture" */;
			productName = ComposableArchitecture;
		};
		755CE2172BF10C97007B47BC /* Dependencies */ = {
			isa = XCSwiftPackageProductDependency;
			package = 755CE2162BF10C97007B47BC /* XCRemoteSwiftPackageReference "swift-dependencies" */;
			productName = Dependencies;
		};
		755CE2192BF10C97007B47BC /* DependenciesMacros */ = {
			isa = XCSwiftPackageProductDependency;
			package = 755CE2162BF10C97007B47BC /* XCRemoteSwiftPackageReference "swift-dependencies" */;
			productName = DependenciesMacros;
		};
		75847F0F2CAECEF200770BCE /* Alamofire */ = {
			isa = XCSwiftPackageProductDependency;
			package = 75847F0E2CAECEF200770BCE /* XCRemoteSwiftPackageReference "Alamofire" */;
			productName = Alamofire;
		};
		75847F142CAED45C00770BCE /* CommonLogging */ = {
			isa = XCSwiftPackageProductDependency;
			package = 75847F132CAED45C00770BCE /* XCRemoteSwiftPackageReference "common-logging-swift" */;
			productName = CommonLogging;
		};
/* End XCSwiftPackageProductDependency section */
	};
	rootObject = 759F88322BED256800DEC3FB /* Project object */;
}
